
Microsoft Visual Studio Solution File, Format Version 12.00
# Visual Studio Version 17
VisualStudioVersion = 17.4.33403.182
MinimumVisualStudioVersion = 10.0.40219.1
Project("{FAE04EC0-301F-11D3-BF4B-00C04F79EFBC}") = "WebApplication1cv", "WebApplication1cv\WebApplication1cv.csproj", "{BC87F076-CF84-49C8-A11F-52925C4F1340}"
EndProject
Global
	GlobalSection(SolutionConfigurationPlatforms) = preSolution
		Debug|Any CPU = Debug|Any CPU
		Release|Any CPU = Release|Any CPU
	EndGlobalSection
	GlobalSection(ProjectConfigurationPlatforms) = postSolution
		{BC87F076-CF84-49C8-A11F-52925C4F1340}.Debug|Any CPU.ActiveCfg = Debug|Any CPU
		{BC87F076-CF84-49C8-A11F-52925C4F1340}.Debug|Any CPU.Build.0 = Debug|Any CPU
		{BC87F076-CF84-49C8-A11F-52925C4F1340}.Release|Any CPU.ActiveCfg = Release|Any CPU
		{BC87F076-CF84-49C8-A11F-52925C4F1340}.Release|Any CPU.Build.0 = Release|Any CPU
	EndGlobalSection
	GlobalSection(SolutionProperties) = preSolution
		HideSolutionNode = FALSE
	EndGlobalSection
	GlobalSection(ExtensibilityGlobals) = postSolution
		SolutionGuid = {B928CE7D-2E13-4615-9AF9-274F961F0B5F}
	EndGlobalSection
EndGlobal
